
Microsoft Visual Studio Solution File, Format Version 12.00
# Visual Studio Version 17
VisualStudioVersion = 17.4.33103.184
MinimumVisualStudioVersion = 10.0.40219.1
Project("{FAE04EC0-301F-11D3-BF4B-00C04F79EFBC}") = "StudentCourse", "StudentCourse\StudentCourse.csproj", "{42427A85-1C86-4E91-A386-507FEC6A9B3A}"
EndProject
Global
	GlobalSection(SolutionConfigurationPlatforms) = preSolution
		Debug|Any CPU = Debug|Any CPU
		Release|Any CPU = Release|Any CPU
	EndGlobalSection
	GlobalSection(ProjectConfigurationPlatforms) = postSolution
		{42427A85-1C86-4E91-A386-507FEC6A9B3A}.Debug|Any CPU.ActiveCfg = Debug|Any CPU
		{42427A85-1C86-4E91-A386-507FEC6A9B3A}.Debug|Any CPU.Build.0 = Debug|Any CPU
		{42427A85-1C86-4E91-A386-507FEC6A9B3A}.Release|Any CPU.ActiveCfg = Release|Any CPU
		{42427A85-1C86-4E91-A386-507FEC6A9B3A}.Release|Any CPU.Build.0 = Release|Any CPU
	EndGlobalSection
	GlobalSection(SolutionProperties) = preSolution
		HideSolutionNode = FALSE
	EndGlobalSection
	GlobalSection(ExtensibilityGlobals) = postSolution
		SolutionGuid = {1DE69967-F19F-4151-B5BE-FD59E97AFDAB}
	EndGlobalSection
EndGlobal
